
Microsoft Visual Studio Solution File, Format Version 12.00
# Visual Studio Version 17
VisualStudioVersion = 17.11.35327.3
MinimumVisualStudioVersion = 10.0.40219.1
Project("{FAE04EC0-301F-11D3-BF4B-00C04F79EFBC}") = "HostelSimple2", "HostelSimple2.csproj", "{7E9DBF5B-0A8B-43FF-9ADB-1988F85FF214}"
EndProject
Global
	GlobalSection(SolutionConfigurationPlatforms) = preSolution
		Debug|Any CPU = Debug|Any CPU
		Release|Any CPU = Release|Any CPU
	EndGlobalSection
	GlobalSection(ProjectConfigurationPlatforms) = postSolution
		{7E9DBF5B-0A8B-43FF-9ADB-1988F85FF214}.Debug|Any CPU.ActiveCfg = Debug|Any CPU
		{7E9DBF5B-0A8B-43FF-9ADB-1988F85FF214}.Debug|Any CPU.Build.0 = Debug|Any CPU
		{7E9DBF5B-0A8B-43FF-9ADB-1988F85FF214}.Release|Any CPU.ActiveCfg = Release|Any CPU
		{7E9DBF5B-0A8B-43FF-9ADB-1988F85FF214}.Release|Any CPU.Build.0 = Release|Any CPU
	EndGlobalSection
	GlobalSection(SolutionProperties) = preSolution
		HideSolutionNode = FALSE
	EndGlobalSection
	GlobalSection(ExtensibilityGlobals) = postSolution
		SolutionGuid = {79CF044E-968D-44DC-9785-0FB2EE8DBA2B}
	EndGlobalSection
EndGlobal
